{
  "originHash" : "10e57975b4f4b0f10e05897aab7680812642c08002c67896548aeb18b2e383de",
  "pins" : [
    {
      "identity" : "version",
      "kind" : "remoteSourceControl",
      "location" : "https://github.com/mxcl/Version",
      "state" : {
        "revision" : "3043fcd2a50375db76d89ff206a612471833d1c2",
        "version" : "2.2.1"
      }
    }
  ],
  "version" : 3
}
