{
  "name": "automic-vault-varlock-sample",
  "lockfileVersion": 3,
  "requires": true,
  "packages": {
    "": {
      "name": "automic-vault-varlock-sample",
      "dependencies": {
        "@automicvault/varlock-plugin": "file:..",
        "varlock": "^1.16.1"
      }
    },
    "..": {
      "name": "@automicvault/varlock-plugin",
      "version": "0.1.0",
      "license": "MIT",
      "engines": {
        "node": ">=22.3.0"
      },
      "peerDependencies": {
        "varlock": ">=1.16.1"
      }
    },
    "node_modules/@automicvault/varlock-plugin": {
      "resolved": "..",
      "link": true
    },
    "node_modules/varlock": {
      "version": "1.16.1",
      "resolved": "https://registry.npmjs.org/varlock/-/varlock-1.16.1.tgz",
      "integrity": "sha512-n3s+uPnn5nxHvPGhtLIMj7gC0Xd9Bje4smRSRcLsI2p11VPhs1e/ZfcJcfOhyNH5yp1RwHszJ8QR3x5eTGF7Zg==",
      "license": "MIT",
      "bin": {
        "varlock": "bin/cli.js"
      },
      "engines": {
        "bun": ">=1.3.3",
        "node": ">=22.3.0"
      }
    }
  }
}
